
Microsoft Visual Studio Solution File, Format Version 12.00
# Visual Studio 15
VisualStudioVersion = 15.0.28307.645
MinimumVisualStudioVersion = 10.0.40219.1
Project("{8BC9CEB8-8B4A-11D0-8D11-00A0C91BC942}") = "Main", "Main\Main.vcxproj", "{B797D53F-2747-4B88-9864-48D58974941C}"
EndProject
Global
	GlobalSection(SolutionConfigurationPlatforms) = preSolution
		Debug|x64 = Debug|x64
		Debug|x86 = Debug|x86
		Release|x64 = Release|x64
		Release|x86 = Release|x86
	EndGlobalSection
	GlobalSection(ProjectConfigurationPlatforms) = postSolution
		{B797D53F-2747-4B88-9864-48D58974941C}.Debug|x64.ActiveCfg = Debug|x64
		{B797D53F-2747-4B88-9864-48D58974941C}.Debug|x64.Build.0 = Debug|x64
		{B797D53F-2747-4B88-9864-48D58974941C}.Debug|x86.ActiveCfg = Debug|Win32
		{B797D53F-2747-4B88-9864-48D58974941C}.Debug|x86.Build.0 = Debug|Win32
		{B797D53F-2747-4B88-9864-48D58974941C}.Release|x64.ActiveCfg = Release|x64
		{B797D53F-2747-4B88-9864-48D58974941C}.Release|x64.Build.0 = Release|x64
		{B797D53F-2747-4B88-9864-48D58974941C}.Release|x86.ActiveCfg = Release|Win32
		{B797D53F-2747-4B88-9864-48D58974941C}.Release|x86.Build.0 = Release|Win32
	EndGlobalSection
	GlobalSection(SolutionProperties) = preSolution
		HideSolutionNode = FALSE
	EndGlobalSection
	GlobalSection(ExtensibilityGlobals) = postSolution
		SolutionGuid = {7DBE26A2-19AA-42EE-AE4C-54FE67E44439}
	EndGlobalSection
EndGlobal
